// !$*UTF8*$!
{
	archiveVersion = 1;
	classes = {
	};
	objectVersion = 46;
	objects = {

/* Begin PBXBuildFile section */
		3C76A5706915F556710B18FC /* Pods_CarList.framework in Frameworks */ = {isa = PBXBuildFile; fileRef = 4D3D23AF1A5250075E7F3FCD /* Pods_CarList.framework */; };
		B83376A71F9E0FE100F59F35 /* CarInfo.swift in Sources */ = {isa = PBXBuildFile; fileRef = B83376A61F9E0FE100F59F35 /* CarInfo.swift */; };
		B83376AD1F9E21BB00F59F35 /* RestClient.swift in Sources */ = {isa = PBXBuildFile; fileRef = B83376AC1F9E21BB00F59F35 /* RestClient.swift */; };
		B8EEC1551F9E09B700784C1B /* AppDelegate.swift in Sources */ = {isa = PBXBuildFile; fileRef = B8EEC1541F9E09B700784C1B /* AppDelegate.swift */; };
		B8EEC1571F9E09B700784C1B /* CarInfoInMapViewController.swift in Sources */ = {isa = PBXBuildFile; fileRef = B8EEC1561F9E09B700784C1B /* CarInfoInMapViewController.swift */; };
		B8EEC15A1F9E09B700784C1B /* Main.storyboard in Resources */ = {isa = PBXBuildFile; fileRef = B8EEC1581F9E09B700784C1B /* Main.storyboard */; };
		B8EEC15C1F9E09B700784C1B /* Assets.xcassets in Resources */ = {isa = PBXBuildFile; fileRef = B8EEC15B1F9E09B700784C1B /* Assets.xcassets */; };
		B8EEC15F1F9E09B700784C1B /* LaunchScreen.storyboard in Resources */ = {isa = PBXBuildFile; fileRef = B8EEC15D1F9E09B700784C1B /* LaunchScreen.storyboard */; };
		B8EEC16A1F9E09B700784C1B /* CarListTests.swift in Sources */ = {isa = PBXBuildFile; fileRef = B8EEC1691F9E09B700784C1B /* CarListTests.swift */; };
		B8EEC17E1F9E0BCC00784C1B /* Constants.swift in Sources */ = {isa = PBXBuildFile; fileRef = B8EEC17D1F9E0BCC00784C1B /* Constants.swift */; };
		D25FFFF9F447963EB6936DD1 /* Pods_CarListTests.framework in Frameworks */ = {isa = PBXBuildFile; fileRef = 70F627AF6B523F063696A790 /* Pods_CarListTests.framework */; };
/* End PBXBuildFile section */

/* Begin PBXContainerItemProxy section */
		B8EEC1661F9E09B700784C1B /* PBXContainerItemProxy */ = {
			isa = PBXContainerItemProxy;
			containerPortal = B8EEC1491F9E09B700784C1B /* Project object */;
			proxyType = 1;
			remoteGlobalIDString = B8EEC1501F9E09B700784C1B;
			remoteInfo = CarList;
		};
/* End PBXContainerItemProxy section */

/* Begin PBXFileReference section */
		45075C0F3EAD387F61BB8C63 /* Pods-CarList.release.xcconfig */ = {isa = PBXFileReference; includeInIndex = 1; lastKnownFileType = text.xcconfig; name = "Pods-CarList.release.xcconfig"; path = "Pods/Target Support Files/Pods-CarList/Pods-CarList.release.xcconfig"; sourceTree = "<group>"; };
		4D3D23AF1A5250075E7F3FCD /* Pods_CarList.framework */ = {isa = PBXFileReference; explicitFileType = wrapper.framework; includeInIndex = 0; path = Pods_CarList.framework; sourceTree = BUILT_PRODUCTS_DIR; };
		5134906ADEC14DFC9E9362A8 /* Pods-CarListTests.release.xcconfig */ = {isa = PBXFileReference; includeInIndex = 1; lastKnownFileType = text.xcconfig; name = "Pods-CarListTests.release.xcconfig"; path = "Pods/Target Support Files/Pods-CarListTests/Pods-CarListTests.release.xcconfig"; sourceTree = "<group>"; };
		5D2BD626C879164E39E5944B /* Pods-CarList.debug.xcconfig */ = {isa = PBXFileReference; includeInIndex = 1; lastKnownFileType = text.xcconfig; name = "Pods-CarList.debug.xcconfig"; path = "Pods/Target Support Files/Pods-CarList/Pods-CarList.debug.xcconfig"; sourceTree = "<group>"; };
		70F627AF6B523F063696A790 /* Pods_CarListTests.framework */ = {isa = PBXFileReference; explicitFileType = wrapper.framework; includeInIndex = 0; path = Pods_CarListTests.framework; sourceTree = BUILT_PRODUCTS_DIR; };
		81D1601444CD94DB2C617849 /* Pods-CarListTests.debug.xcconfig */ = {isa = PBXFileReference; includeInIndex = 1; lastKnownFileType = text.xcconfig; name = "Pods-CarListTests.debug.xcconfig"; path = "Pods/Target Support Files/Pods-CarListTests/Pods-CarListTests.debug.xcconfig"; sourceTree = "<group>"; };
		B83376A61F9E0FE100F59F35 /* CarInfo.swift */ = {isa = PBXFileReference; fileEncoding = 4; lastKnownFileType = sourcecode.swift; name = CarInfo.swift; path = CarList/CarInfo.swift; sourceTree = SOURCE_ROOT; };
		B83376AC1F9E21BB00F59F35 /* RestClient.swift */ = {isa = PBXFileReference; fileEncoding = 4; lastKnownFileType = sourcecode.swift; path = RestClient.swift; sourceTree = "<group>"; };
		B8EEC1511F9E09B700784C1B /* CarList.app */ = {isa = PBXFileReference; explicitFileType = wrapper.application; includeInIndex = 0; path = CarList.app; sourceTree = BUILT_PRODUCTS_DIR; };
		B8EEC1541F9E09B700784C1B /* AppDelegate.swift */ = {isa = PBXFileReference; lastKnownFileType = sourcecode.swift; path = AppDelegate.swift; sourceTree = "<group>"; };
		B8EEC1561F9E09B700784C1B /* CarInfoInMapViewController.swift */ = {isa = PBXFileReference; lastKnownFileType = sourcecode.swift; path = CarInfoInMapViewController.swift; sourceTree = "<group>"; };
		B8EEC1591F9E09B700784C1B /* Base */ = {isa = PBXFileReference; lastKnownFileType = file.storyboard; name = Base; path = Base.lproj/Main.storyboard; sourceTree = "<group>"; };
		B8EEC15B1F9E09B700784C1B /* Assets.xcassets */ = {isa = PBXFileReference; lastKnownFileType = folder.assetcatalog; path = Assets.xcassets; sourceTree = "<group>"; };
		B8EEC15E1F9E09B700784C1B /* Base */ = {isa = PBXFileReference; lastKnownFileType = file.storyboard; name = Base; path = Base.lproj/LaunchScreen.storyboard; sourceTree = "<group>"; };
		B8EEC1601F9E09B700784C1B /* Info.plist */ = {isa = PBXFileReference; lastKnownFileType = text.plist.xml; path = Info.plist; sourceTree = "<group>"; };
		B8EEC1651F9E09B700784C1B /* CarListTests.xctest */ = {isa = PBXFileReference; explicitFileType = wrapper.cfbundle; includeInIndex = 0; path = CarListTests.xctest; sourceTree = BUILT_PRODUCTS_DIR; };
		B8EEC1691F9E09B700784C1B /* CarListTests.swift */ = {isa = PBXFileReference; lastKnownFileType = sourcecode.swift; path = CarListTests.swift; sourceTree = "<group>"; };
		B8EEC16B1F9E09B700784C1B /* Info.plist */ = {isa = PBXFileReference; lastKnownFileType = text.plist.xml; path = Info.plist; sourceTree = "<group>"; };
		B8EEC17D1F9E0BCC00784C1B /* Constants.swift */ = {isa = PBXFileReference; fileEncoding = 4; lastKnownFileType = sourcecode.swift; path = Constants.swift; sourceTree = "<group>"; };
/* End PBXFileReference section */

/* Begin PBXFrameworksBuildPhase section */
		B8EEC14E1F9E09B700784C1B /* Frameworks */ = {
			isa = PBXFrameworksBuildPhase;
			buildActionMask = 2147483647;
			files = (
				3C76A5706915F556710B18FC /* Pods_CarList.framework in Frameworks */,
			);
			runOnlyForDeploymentPostprocessing = 0;
		};
		B8EEC1621F9E09B700784C1B /* Frameworks */ = {
			isa = PBXFrameworksBuildPhase;
			buildActionMask = 2147483647;
			files = (
				D25FFFF9F447963EB6936DD1 /* Pods_CarListTests.framework in Frameworks */,
			);
			runOnlyForDeploymentPostprocessing = 0;
		};
/* End PBXFrameworksBuildPhase section */

/* Begin PBXGroup section */
		087A644424C6717DD33A6FBD /* Frameworks */ = {
			isa = PBXGroup;
			children = (
				4D3D23AF1A5250075E7F3FCD /* Pods_CarList.framework */,
				70F627AF6B523F063696A790 /* Pods_CarListTests.framework */,
			);
			name = Frameworks;
			sourceTree = "<group>";
		};
		B8EEC1481F9E09B700784C1B = {
			isa = PBXGroup;
			children = (
				B8EEC1531F9E09B700784C1B /* CarList */,
				B8EEC1681F9E09B700784C1B /* CarListTests */,
				B8EEC1521F9E09B700784C1B /* Products */,
				BC843ACE4F701901E7C9EC16 /* Pods */,
				087A644424C6717DD33A6FBD /* Frameworks */,
			);
			sourceTree = "<group>";
		};
		B8EEC1521F9E09B700784C1B /* Products */ = {
			isa = PBXGroup;
			children = (
				B8EEC1511F9E09B700784C1B /* CarList.app */,
				B8EEC1651F9E09B700784C1B /* CarListTests.xctest */,
			);
			name = Products;
			sourceTree = "<group>";
		};
		B8EEC1531F9E09B700784C1B /* CarList */ = {
			isa = PBXGroup;
			children = (
				B8EEC17B1F9E0B6700784C1B /* AppDelegate */,
				B8EEC1771F9E0B4F00784C1B /* Constant */,
				B8EEC1781F9E0B5400784C1B /* Controller */,
				B8EEC17A1F9E0B6200784C1B /* Model */,
				B8EEC17C1F9E0BA300784C1B /* Service */,
				B8EEC1761F9E0B1100784C1B /* Storyboard */,
				B83376AC1F9E21BB00F59F35 /* RestClient.swift */,
				B8EEC1751F9E0B0600784C1B /* Supporting Files */,
				B8EEC1791F9E0B5A00784C1B /* View */,
			);
			path = CarList;
			sourceTree = "<group>";
		};
		B8EEC1681F9E09B700784C1B /* CarListTests */ = {
			isa = PBXGroup;
			children = (
				B8EEC1691F9E09B700784C1B /* CarListTests.swift */,
				B8EEC16B1F9E09B700784C1B /* Info.plist */,
			);
			path = CarListTests;
			sourceTree = "<group>";
		};
		B8EEC1751F9E0B0600784C1B /* Supporting Files */ = {
			isa = PBXGroup;
			children = (
				B8EEC15B1F9E09B700784C1B /* Assets.xcassets */,
				B8EEC1601F9E09B700784C1B /* Info.plist */,
			);
			path = "Supporting Files";
			sourceTree = "<group>";
		};
		B8EEC1761F9E0B1100784C1B /* Storyboard */ = {
			isa = PBXGroup;
			children = (
				B8EEC15D1F9E09B700784C1B /* LaunchScreen.storyboard */,
				B8EEC1581F9E09B700784C1B /* Main.storyboard */,
			);
			path = Storyboard;
			sourceTree = "<group>";
		};
		B8EEC1771F9E0B4F00784C1B /* Constant */ = {
			isa = PBXGroup;
			children = (
				B8EEC17D1F9E0BCC00784C1B /* Constants.swift */,
			);
			path = Constant;
			sourceTree = "<group>";
		};
		B8EEC1781F9E0B5400784C1B /* Controller */ = {
			isa = PBXGroup;
			children = (
				B8EEC1561F9E09B700784C1B /* CarInfoInMapViewController.swift */,
			);
			path = Controller;
			sourceTree = "<group>";
		};
		B8EEC1791F9E0B5A00784C1B /* View */ = {
			isa = PBXGroup;
			children = (
			);
			path = View;
			sourceTree = "<group>";
		};
		B8EEC17A1F9E0B6200784C1B /* Model */ = {
			isa = PBXGroup;
			children = (
				B83376A61F9E0FE100F59F35 /* CarInfo.swift */,
			);
			path = Model;
			sourceTree = "<group>";
		};
		B8EEC17B1F9E0B6700784C1B /* AppDelegate */ = {
			isa = PBXGroup;
			children = (
				B8EEC1541F9E09B700784C1B /* AppDelegate.swift */,
			);
			path = AppDelegate;
			sourceTree = "<group>";
		};
		B8EEC17C1F9E0BA300784C1B /* Service */ = {
			isa = PBXGroup;
			children = (
			);
			path = Service;
			sourceTree = "<group>";
		};
		BC843ACE4F701901E7C9EC16 /* Pods */ = {
			isa = PBXGroup;
			children = (
				5D2BD626C879164E39E5944B /* Pods-CarList.debug.xcconfig */,
				45075C0F3EAD387F61BB8C63 /* Pods-CarList.release.xcconfig */,
				81D1601444CD94DB2C617849 /* Pods-CarListTests.debug.xcconfig */,
				5134906ADEC14DFC9E9362A8 /* Pods-CarListTests.release.xcconfig */,
			);
			name = Pods;
			sourceTree = "<group>";
		};
/* End PBXGroup section */

/* Begin PBXNativeTarget section */
		B8EEC1501F9E09B700784C1B /* CarList */ = {
			isa = PBXNativeTarget;
			buildConfigurationList = B8EEC16E1F9E09B700784C1B /* Build configuration list for PBXNativeTarget "CarList" */;
			buildPhases = (
				B3121C88E626C4C30F82D364 /* [CP] Check Pods Manifest.lock */,
				B8EEC14D1F9E09B700784C1B /* Sources */,
				B8EEC14E1F9E09B700784C1B /* Frameworks */,
				B8EEC14F1F9E09B700784C1B /* Resources */,
				B8EEC1741F9E0A7E00784C1B /* ShellScript */,
				4A8B896A930945F46D46AF2A /* [CP] Embed Pods Frameworks */,
				6853FD068B08263749A7C580 /* [CP] Copy Pods Resources */,
			);
			buildRules = (
			);
			dependencies = (
			);
			name = CarList;
			productName = CarList;
			productReference = B8EEC1511F9E09B700784C1B /* CarList.app */;
			productType = "com.apple.product-type.application";
		};
		B8EEC1641F9E09B700784C1B /* CarListTests */ = {
			isa = PBXNativeTarget;
			buildConfigurationList = B8EEC1711F9E09B700784C1B /* Build configuration list for PBXNativeTarget "CarListTests" */;
			buildPhases = (
				2E86CA4B29D0702A96A90FA4 /* [CP] Check Pods Manifest.lock */,
				B8EEC1611F9E09B700784C1B /* Sources */,
				B8EEC1621F9E09B700784C1B /* Frameworks */,
				B8EEC1631F9E09B700784C1B /* Resources */,
				C8BF7D9B458B80871505CB47 /* [CP] Embed Pods Frameworks */,
				9628D4246D547B1BFE2B7BDC /* [CP] Copy Pods Resources */,
			);
			buildRules = (
			);
			dependencies = (
				B8EEC1671F9E09B700784C1B /* PBXTargetDependency */,
			);
			name = CarListTests;
			productName = CarListTests;
			productReference = B8EEC1651F9E09B700784C1B /* CarListTests.xctest */;
			productType = "com.apple.product-type.bundle.unit-test";
		};
/* End PBXNativeTarget section */

/* Begin PBXProject section */
		B8EEC1491F9E09B700784C1B /* Project object */ = {
			isa = PBXProject;
			attributes = {
				LastSwiftUpdateCheck = 0830;
				LastUpgradeCheck = 0830;
				ORGANIZATIONNAME = siwook;
				TargetAttributes = {
					B8EEC1501F9E09B700784C1B = {
						CreatedOnToolsVersion = 8.3.1;
						ProvisioningStyle = Automatic;
					};
					B8EEC1641F9E09B700784C1B = {
						CreatedOnToolsVersion = 8.3.1;
						ProvisioningStyle = Automatic;
						TestTargetID = B8EEC1501F9E09B700784C1B;
					};
				};
			};
			buildConfigurationList = B8EEC14C1F9E09B700784C1B /* Build configuration list for PBXProject "CarList" */;
			compatibilityVersion = "Xcode 3.2";
			developmentRegion = English;
			hasScannedForEncodings = 0;
			knownRegions = (
				en,
				Base,
			);
			mainGroup = B8EEC1481F9E09B700784C1B;
			productRefGroup = B8EEC1521F9E09B700784C1B /* Products */;
			projectDirPath = "";
			projectRoot = "";
			targets = (
				B8EEC1501F9E09B700784C1B /* CarList */,
				B8EEC1641F9E09B700784C1B /* CarListTests */,
			);
		};
/* End PBXProject section */

/* Begin PBXResourcesBuildPhase section */
		B8EEC14F1F9E09B700784C1B /* Resources */ = {
			isa = PBXResourcesBuildPhase;
			buildActionMask = 2147483647;
			files = (
				B8EEC15F1F9E09B700784C1B /* LaunchScreen.storyboard in Resources */,
				B8EEC15C1F9E09B700784C1B /* Assets.xcassets in Resources */,
				B8EEC15A1F9E09B700784C1B /* Main.storyboard in Resources */,
			);
			runOnlyForDeploymentPostprocessing = 0;
		};
		B8EEC1631F9E09B700784C1B /* Resources */ = {
			isa = PBXResourcesBuildPhase;
			buildActionMask = 2147483647;
			files = (
			);
			runOnlyForDeploymentPostprocessing = 0;
		};
/* End PBXResourcesBuildPhase section */

/* Begin PBXShellScriptBuildPhase section */
		2E86CA4B29D0702A96A90FA4 /* [CP] Check Pods Manifest.lock */ = {
			isa = PBXShellScriptBuildPhase;
			buildActionMask = 2147483647;
			files = (
			);
			inputPaths = (
			);
			name = "[CP] Check Pods Manifest.lock";
			outputPaths = (
			);
			runOnlyForDeploymentPostprocessing = 0;
			shellPath = /bin/sh;
			shellScript = "diff \"${PODS_ROOT}/../Podfile.lock\" \"${PODS_ROOT}/Manifest.lock\" > /dev/null\nif [ $? != 0 ] ; then\n    # print error to STDERR\n    echo \"error: The sandbox is not in sync with the Podfile.lock. Run 'pod install' or update your CocoaPods installation.\" >&2\n    exit 1\nfi\n";
			showEnvVarsInLog = 0;
		};
		4A8B896A930945F46D46AF2A /* [CP] Embed Pods Frameworks */ = {
			isa = PBXShellScriptBuildPhase;
			buildActionMask = 2147483647;
			files = (
			);
			inputPaths = (
			);
			name = "[CP] Embed Pods Frameworks";
			outputPaths = (
			);
			runOnlyForDeploymentPostprocessing = 0;
			shellPath = /bin/sh;
			shellScript = "\"${SRCROOT}/Pods/Target Support Files/Pods-CarList/Pods-CarList-frameworks.sh\"\n";
			showEnvVarsInLog = 0;
		};
		6853FD068B08263749A7C580 /* [CP] Copy Pods Resources */ = {
			isa = PBXShellScriptBuildPhase;
			buildActionMask = 2147483647;
			files = (
			);
			inputPaths = (
			);
			name = "[CP] Copy Pods Resources";
			outputPaths = (
			);
			runOnlyForDeploymentPostprocessing = 0;
			shellPath = /bin/sh;
			shellScript = "\"${SRCROOT}/Pods/Target Support Files/Pods-CarList/Pods-CarList-resources.sh\"\n";
			showEnvVarsInLog = 0;
		};
		9628D4246D547B1BFE2B7BDC /* [CP] Copy Pods Resources */ = {
			isa = PBXShellScriptBuildPhase;
			buildActionMask = 2147483647;
			files = (
			);
			inputPaths = (
			);
			name = "[CP] Copy Pods Resources";
			outputPaths = (
			);
			runOnlyForDeploymentPostprocessing = 0;
			shellPath = /bin/sh;
			shellScript = "\"${SRCROOT}/Pods/Target Support Files/Pods-CarListTests/Pods-CarListTests-resources.sh\"\n";
			showEnvVarsInLog = 0;
		};
		B3121C88E626C4C30F82D364 /* [CP] Check Pods Manifest.lock */ = {
			isa = PBXShellScriptBuildPhase;
			buildActionMask = 2147483647;
			files = (
			);
			inputPaths = (
			);
			name = "[CP] Check Pods Manifest.lock";
			outputPaths = (
			);
			runOnlyForDeploymentPostprocessing = 0;
			shellPath = /bin/sh;
			shellScript = "diff \"${PODS_ROOT}/../Podfile.lock\" \"${PODS_ROOT}/Manifest.lock\" > /dev/null\nif [ $? != 0 ] ; then\n    # print error to STDERR\n    echo \"error: The sandbox is not in sync with the Podfile.lock. Run 'pod install' or update your CocoaPods installation.\" >&2\n    exit 1\nfi\n";
			showEnvVarsInLog = 0;
		};
		B8EEC1741F9E0A7E00784C1B /* ShellScript */ = {
			isa = PBXShellScriptBuildPhase;
			buildActionMask = 2147483647;
			files = (
			);
			inputPaths = (
			);
			outputPaths = (
			);
			runOnlyForDeploymentPostprocessing = 0;
			shellPath = /bin/sh;
			shellScript = "if which swiftlint >/dev/null; then\nswiftlint\nelse\necho \"warning: SwiftLint not installed, download from https://github.com/realm/SwiftLint\"\nfi";
		};
		C8BF7D9B458B80871505CB47 /* [CP] Embed Pods Frameworks */ = {
			isa = PBXShellScriptBuildPhase;
			buildActionMask = 2147483647;
			files = (
			);
			inputPaths = (
			);
			name = "[CP] Embed Pods Frameworks";
			outputPaths = (
			);
			runOnlyForDeploymentPostprocessing = 0;
			shellPath = /bin/sh;
			shellScript = "\"${SRCROOT}/Pods/Target Support Files/Pods-CarListTests/Pods-CarListTests-frameworks.sh\"\n";
			showEnvVarsInLog = 0;
		};
/* End PBXShellScriptBuildPhase section */

/* Begin PBXSourcesBuildPhase section */
		B8EEC14D1F9E09B700784C1B /* Sources */ = {
			isa = PBXSourcesBuildPhase;
			buildActionMask = 2147483647;
			files = (
				B8EEC1571F9E09B700784C1B /* CarInfoInMapViewController.swift in Sources */,
				B8EEC1551F9E09B700784C1B /* AppDelegate.swift in Sources */,
				B83376A71F9E0FE100F59F35 /* CarInfo.swift in Sources */,
				B83376AD1F9E21BB00F59F35 /* RestClient.swift in Sources */,
				B8EEC17E1F9E0BCC00784C1B /* Constants.swift in Sources */,
			);
			runOnlyForDeploymentPostprocessing = 0;
		};
		B8EEC1611F9E09B700784C1B /* Sources */ = {
			isa = PBXSourcesBuildPhase;
			buildActionMask = 2147483647;
			files = (
				B8EEC16A1F9E09B700784C1B /* CarListTests.swift in Sources */,
			);
			runOnlyForDeploymentPostprocessing = 0;
		};
/* End PBXSourcesBuildPhase section */

/* Begin PBXTargetDependency section */
		B8EEC1671F9E09B700784C1B /* PBXTargetDependency */ = {
			isa = PBXTargetDependency;
			target = B8EEC1501F9E09B700784C1B /* CarList */;
			targetProxy = B8EEC1661F9E09B700784C1B /* PBXContainerItemProxy */;
		};
/* End PBXTargetDependency section */

/* Begin PBXVariantGroup section */
		B8EEC1581F9E09B700784C1B /* Main.storyboard */ = {
			isa = PBXVariantGroup;
			children = (
				B8EEC1591F9E09B700784C1B /* Base */,
			);
			name = Main.storyboard;
			path = .;
			sourceTree = "<group>";
		};
		B8EEC15D1F9E09B700784C1B /* LaunchScreen.storyboard */ = {
			isa = PBXVariantGroup;
			children = (
				B8EEC15E1F9E09B700784C1B /* Base */,
			);
			name = LaunchScreen.storyboard;
			path = .;
			sourceTree = "<group>";
		};
/* End PBXVariantGroup section */

/* Begin XCBuildConfiguration section */
		B8EEC16C1F9E09B700784C1B /* Debug */ = {
			isa = XCBuildConfiguration;
			buildSettings = {
				ALWAYS_SEARCH_USER_PATHS = NO;
				CLANG_ANALYZER_NONNULL = YES;
				CLANG_ANALYZER_NUMBER_OBJECT_CONVERSION = YES_AGGRESSIVE;
				CLANG_CXX_LANGUAGE_STANDARD = "gnu++0x";
				CLANG_CXX_LIBRARY = "libc++";
				CLANG_ENABLE_MODULES = YES;
				CLANG_ENABLE_OBJC_ARC = YES;
				CLANG_WARN_BOOL_CONVERSION = YES;
				CLANG_WARN_CONSTANT_CONVERSION = YES;
				CLANG_WARN_DIRECT_OBJC_ISA_USAGE = YES_ERROR;
				CLANG_WARN_DOCUMENTATION_COMMENTS = YES;
				CLANG_WARN_EMPTY_BODY = YES;
				CLANG_WARN_ENUM_CONVERSION = YES;
				CLANG_WARN_INFINITE_RECURSION = YES;
				CLANG_WARN_INT_CONVERSION = YES;
				CLANG_WARN_OBJC_ROOT_CLASS = YES_ERROR;
				CLANG_WARN_SUSPICIOUS_MOVE = YES;
				CLANG_WARN_UNREACHABLE_CODE = YES;
				CLANG_WARN__DUPLICATE_METHOD_MATCH = YES;
				"CODE_SIGN_IDENTITY[sdk=iphoneos*]" = "iPhone Developer";
				COPY_PHASE_STRIP = NO;
				DEBUG_INFORMATION_FORMAT = dwarf;
				ENABLE_STRICT_OBJC_MSGSEND = YES;
				ENABLE_TESTABILITY = YES;
				GCC_C_LANGUAGE_STANDARD = gnu99;
				GCC_DYNAMIC_NO_PIC = NO;
				GCC_NO_COMMON_BLOCKS = YES;
				GCC_OPTIMIZATION_LEVEL = 0;
				GCC_PREPROCESSOR_DEFINITIONS = (
					"DEBUG=1",
					"$(inherited)",
				);
				GCC_WARN_64_TO_32_BIT_CONVERSION = YES;
				GCC_WARN_ABOUT_RETURN_TYPE = YES_ERROR;
				GCC_WARN_UNDECLARED_SELECTOR = YES;
				GCC_WARN_UNINITIALIZED_AUTOS = YES_AGGRESSIVE;
				GCC_WARN_UNUSED_FUNCTION = YES;
				GCC_WARN_UNUSED_VARIABLE = YES;
				IPHONEOS_DEPLOYMENT_TARGET = 10.3;
				MTL_ENABLE_DEBUG_INFO = YES;
				ONLY_ACTIVE_ARCH = YES;
				SDKROOT = iphoneos;
				SWIFT_ACTIVE_COMPILATION_CONDITIONS = DEBUG;
				SWIFT_OPTIMIZATION_LEVEL = "-Onone";
				TARGETED_DEVICE_FAMILY = "1,2";
			};
			name = Debug;
		};
		B8EEC16D1F9E09B700784C1B /* Release */ = {
			isa = XCBuildConfiguration;
			buildSettings = {
				ALWAYS_SEARCH_USER_PATHS = NO;
				CLANG_ANALYZER_NONNULL = YES;
				CLANG_ANALYZER_NUMBER_OBJECT_CONVERSION = YES_AGGRESSIVE;
				CLANG_CXX_LANGUAGE_STANDARD = "gnu++0x";
				CLANG_CXX_LIBRARY = "libc++";
				CLANG_ENABLE_MODULES = YES;
				CLANG_ENABLE_OBJC_ARC = YES;
				CLANG_WARN_BOOL_CONVERSION = YES;
				CLANG_WARN_CONSTANT_CONVERSION = YES;
				CLANG_WARN_DIRECT_OBJC_ISA_USAGE = YES_ERROR;
				CLANG_WARN_DOCUMENTATION_COMMENTS = YES;
				CLANG_WARN_EMPTY_BODY = YES;
				CLANG_WARN_ENUM_CONVERSION = YES;
				CLANG_WARN_INFINITE_RECURSION = YES;
				CLANG_WARN_INT_CONVERSION = YES;
				CLANG_WARN_OBJC_ROOT_CLASS = YES_ERROR;
				CLANG_WARN_SUSPICIOUS_MOVE = YES;
				CLANG_WARN_UNREACHABLE_CODE = YES;
				CLANG_WARN__DUPLICATE_METHOD_MATCH = YES;
				"CODE_SIGN_IDENTITY[sdk=iphoneos*]" = "iPhone Developer";
				COPY_PHASE_STRIP = NO;
				DEBUG_INFORMATION_FORMAT = "dwarf-with-dsym";
				ENABLE_NS_ASSERTIONS = NO;
				ENABLE_STRICT_OBJC_MSGSEND = YES;
				GCC_C_LANGUAGE_STANDARD = gnu99;
				GCC_NO_COMMON_BLOCKS = YES;
				GCC_WARN_64_TO_32_BIT_CONVERSION = YES;
				GCC_WARN_ABOUT_RETURN_TYPE = YES_ERROR;
				GCC_WARN_UNDECLARED_SELECTOR = YES;
				GCC_WARN_UNINITIALIZED_AUTOS = YES_AGGRESSIVE;
				GCC_WARN_UNUSED_FUNCTION = YES;
				GCC_WARN_UNUSED_VARIABLE = YES;
				IPHONEOS_DEPLOYMENT_TARGET = 10.3;
				MTL_ENABLE_DEBUG_INFO = NO;
				SDKROOT = iphoneos;
				SWIFT_OPTIMIZATION_LEVEL = "-Owholemodule";
				TARGETED_DEVICE_FAMILY = "1,2";
				VALIDATE_PRODUCT = YES;
			};
			name = Release;
		};
		B8EEC16F1F9E09B700784C1B /* Debug */ = {
			isa = XCBuildConfiguration;
			baseConfigurationReference = 5D2BD626C879164E39E5944B /* Pods-CarList.debug.xcconfig */;
			buildSettings = {
				ASSETCATALOG_COMPILER_APPICON_NAME = AppIcon;
				INFOPLIST_FILE = "CarList/Supporting Files/Info.plist";
				LD_RUNPATH_SEARCH_PATHS = "$(inherited) @executable_path/Frameworks";
				PRODUCT_BUNDLE_IDENTIFIER = woogii.CarList;
				PRODUCT_NAME = "$(TARGET_NAME)";
				SWIFT_VERSION = 3.0;
			};
			name = Debug;
		};
		B8EEC1701F9E09B700784C1B /* Release */ = {
			isa = XCBuildConfiguration;
			baseConfigurationReference = 45075C0F3EAD387F61BB8C63 /* Pods-CarList.release.xcconfig */;
			buildSettings = {
				ASSETCATALOG_COMPILER_APPICON_NAME = AppIcon;
				INFOPLIST_FILE = "CarList/Supporting Files/Info.plist";
				LD_RUNPATH_SEARCH_PATHS = "$(inherited) @executable_path/Frameworks";
				PRODUCT_BUNDLE_IDENTIFIER = woogii.CarList;
				PRODUCT_NAME = "$(TARGET_NAME)";
				SWIFT_VERSION = 3.0;
			};
			name = Release;
		};
		B8EEC1721F9E09B700784C1B /* Debug */ = {
			isa = XCBuildConfiguration;
			baseConfigurationReference = 81D1601444CD94DB2C617849 /* Pods-CarListTests.debug.xcconfig */;
			buildSettings = {
				ALWAYS_EMBED_SWIFT_STANDARD_LIBRARIES = YES;
				BUNDLE_LOADER = "$(TEST_HOST)";
				INFOPLIST_FILE = CarListTests/Info.plist;
				LD_RUNPATH_SEARCH_PATHS = "$(inherited) @executable_path/Frameworks @loader_path/Frameworks";
				PRODUCT_BUNDLE_IDENTIFIER = woogii.CarListTests;
				PRODUCT_NAME = "$(TARGET_NAME)";
				SWIFT_VERSION = 3.0;
				TEST_HOST = "$(BUILT_PRODUCTS_DIR)/CarList.app/CarList";
			};
			name = Debug;
		};
		B8EEC1731F9E09B700784C1B /* Release */ = {
			isa = XCBuildConfiguration;
			baseConfigurationReference = 5134906ADEC14DFC9E9362A8 /* Pods-CarListTests.release.xcconfig */;
			buildSettings = {
				ALWAYS_EMBED_SWIFT_STANDARD_LIBRARIES = YES;
				BUNDLE_LOADER = "$(TEST_HOST)";
				INFOPLIST_FILE = CarListTests/Info.plist;
				LD_RUNPATH_SEARCH_PATHS = "$(inherited) @executable_path/Frameworks @loader_path/Frameworks";
				PRODUCT_BUNDLE_IDENTIFIER = woogii.CarListTests;
				PRODUCT_NAME = "$(TARGET_NAME)";
				SWIFT_VERSION = 3.0;
				TEST_HOST = "$(BUILT_PRODUCTS_DIR)/CarList.app/CarList";
			};
			name = Release;
		};
/* End XCBuildConfiguration section */

/* Begin XCConfigurationList section */
		B8EEC14C1F9E09B700784C1B /* Build configuration list for PBXProject "CarList" */ = {
			isa = XCConfigurationList;
			buildConfigurations = (
				B8EEC16C1F9E09B700784C1B /* Debug */,
				B8EEC16D1F9E09B700784C1B /* Release */,
			);
			defaultConfigurationIsVisible = 0;
			defaultConfigurationName = Release;
		};
		B8EEC16E1F9E09B700784C1B /* Build configuration list for PBXNativeTarget "CarList" */ = {
			isa = XCConfigurationList;
			buildConfigurations = (
				B8EEC16F1F9E09B700784C1B /* Debug */,
				B8EEC1701F9E09B700784C1B /* Release */,
			);
			defaultConfigurationIsVisible = 0;
			defaultConfigurationName = Release;
		};
		B8EEC1711F9E09B700784C1B /* Build configuration list for PBXNativeTarget "CarListTests" */ = {
			isa = XCConfigurationList;
			buildConfigurations = (
				B8EEC1721F9E09B700784C1B /* Debug */,
				B8EEC1731F9E09B700784C1B /* Release */,
			);
			defaultConfigurationIsVisible = 0;
			defaultConfigurationName = Release;
		};
/* End XCConfigurationList section */
	};
	rootObject = B8EEC1491F9E09B700784C1B /* Project object */;
}
